
Microsoft Visual Studio Solution File, Format Version 12.00
# Visual Studio Version 17
VisualStudioVersion = 17.11.35312.102
MinimumVisualStudioVersion = 10.0.40219.1
Project("{2150E333-8FDC-42A3-9474-1A3956D46DE8}") = "Services", "Services", "{EBE43746-367D-41CC-B9E8-16352F13C00F}"
EndProject
Project("{2150E333-8FDC-42A3-9474-1A3956D46DE8}") = "Catalog", "Catalog", "{0405B5C7-978A-4F05-926B-3C5CFEF37065}"
EndProject
Project("{FAE04EC0-301F-11D3-BF4B-00C04F79EFBC}") = "Catalog.API", "..\src\Services\Catalog\Catalog.API\Catalog.API.csproj", "{AF598D28-7821-4208-BD27-19A860F9AF5F}"
EndProject
Global
	GlobalSection(SolutionConfigurationPlatforms) = preSolution
		Debug|Any CPU = Debug|Any CPU
		Release|Any CPU = Release|Any CPU
	EndGlobalSection
	GlobalSection(ProjectConfigurationPlatforms) = postSolution
		{AF598D28-7821-4208-BD27-19A860F9AF5F}.Debug|Any CPU.ActiveCfg = Debug|Any CPU
		{AF598D28-7821-4208-BD27-19A860F9AF5F}.Debug|Any CPU.Build.0 = Debug|Any CPU
		{AF598D28-7821-4208-BD27-19A860F9AF5F}.Release|Any CPU.ActiveCfg = Release|Any CPU
		{AF598D28-7821-4208-BD27-19A860F9AF5F}.Release|Any CPU.Build.0 = Release|Any CPU
	EndGlobalSection
	GlobalSection(SolutionProperties) = preSolution
		HideSolutionNode = FALSE
	EndGlobalSection
	GlobalSection(NestedProjects) = preSolution
		{0405B5C7-978A-4F05-926B-3C5CFEF37065} = {EBE43746-367D-41CC-B9E8-16352F13C00F}
		{AF598D28-7821-4208-BD27-19A860F9AF5F} = {0405B5C7-978A-4F05-926B-3C5CFEF37065}
	EndGlobalSection
	GlobalSection(ExtensibilityGlobals) = postSolution
		SolutionGuid = {B511F73D-4605-4AC1-B354-4721B4B75C85}
	EndGlobalSection
EndGlobal
