
Microsoft Visual Studio Solution File, Format Version 12.00
# Visual Studio Version 17
VisualStudioVersion = 17.11.35312.102
MinimumVisualStudioVersion = 10.0.40219.1
Project("{2150E333-8FDC-42A3-9474-1A3956D46DE8}") = "Services", "Services", "{C1C0CA15-4D85-4544-ADDE-1B4BF064BD1F}"
EndProject
Project("{2150E333-8FDC-42A3-9474-1A3956D46DE8}") = "Catalog", "Catalog", "{4083C373-9B15-42C4-8A71-F2F4C5CA37F9}"
EndProject
Project("{9A19103F-16F7-4668-BE54-9A1E7A4F7556}") = "Catalog.API", "Services\Catalog\Catalog.API\Catalog.API.csproj", "{EA525CE6-6E67-46F8-9C01-9D4723B7F268}"
EndProject
Project("{2150E333-8FDC-42A3-9474-1A3956D46DE8}") = "Shared", "Shared", "{2DB906CC-9B4E-4FAD-B9BE-7811B60307A0}"
EndProject
Project("{9A19103F-16F7-4668-BE54-9A1E7A4F7556}") = "Shared", "Shared\Shared\Shared.csproj", "{CCE2E90D-7DE2-4E4A-8896-AD09363F6529}"
EndProject
Project("{E53339B2-1760-4266-BCC7-CA923CBCF16C}") = "docker-compose", "docker-compose.dcproj", "{6EAFA2F8-A3C8-4BB8-8D87-2DEADF43FFDB}"
EndProject
Global
	GlobalSection(SolutionConfigurationPlatforms) = preSolution
		Debug|Any CPU = Debug|Any CPU
		Release|Any CPU = Release|Any CPU
	EndGlobalSection
	GlobalSection(ProjectConfigurationPlatforms) = postSolution
		{EA525CE6-6E67-46F8-9C01-9D4723B7F268}.Debug|Any CPU.ActiveCfg = Debug|Any CPU
		{EA525CE6-6E67-46F8-9C01-9D4723B7F268}.Debug|Any CPU.Build.0 = Debug|Any CPU
		{EA525CE6-6E67-46F8-9C01-9D4723B7F268}.Release|Any CPU.ActiveCfg = Release|Any CPU
		{EA525CE6-6E67-46F8-9C01-9D4723B7F268}.Release|Any CPU.Build.0 = Release|Any CPU
		{CCE2E90D-7DE2-4E4A-8896-AD09363F6529}.Debug|Any CPU.ActiveCfg = Debug|Any CPU
		{CCE2E90D-7DE2-4E4A-8896-AD09363F6529}.Debug|Any CPU.Build.0 = Debug|Any CPU
		{CCE2E90D-7DE2-4E4A-8896-AD09363F6529}.Release|Any CPU.ActiveCfg = Release|Any CPU
		{CCE2E90D-7DE2-4E4A-8896-AD09363F6529}.Release|Any CPU.Build.0 = Release|Any CPU
		{6EAFA2F8-A3C8-4BB8-8D87-2DEADF43FFDB}.Debug|Any CPU.ActiveCfg = Debug|Any CPU
		{6EAFA2F8-A3C8-4BB8-8D87-2DEADF43FFDB}.Debug|Any CPU.Build.0 = Debug|Any CPU
		{6EAFA2F8-A3C8-4BB8-8D87-2DEADF43FFDB}.Release|Any CPU.ActiveCfg = Release|Any CPU
		{6EAFA2F8-A3C8-4BB8-8D87-2DEADF43FFDB}.Release|Any CPU.Build.0 = Release|Any CPU
	EndGlobalSection
	GlobalSection(SolutionProperties) = preSolution
		HideSolutionNode = FALSE
	EndGlobalSection
	GlobalSection(NestedProjects) = preSolution
		{4083C373-9B15-42C4-8A71-F2F4C5CA37F9} = {C1C0CA15-4D85-4544-ADDE-1B4BF064BD1F}
		{EA525CE6-6E67-46F8-9C01-9D4723B7F268} = {4083C373-9B15-42C4-8A71-F2F4C5CA37F9}
		{CCE2E90D-7DE2-4E4A-8896-AD09363F6529} = {2DB906CC-9B4E-4FAD-B9BE-7811B60307A0}
	EndGlobalSection
	GlobalSection(ExtensibilityGlobals) = postSolution
		SolutionGuid = {B511F73D-4605-4AC1-B354-4721B4B75C85}
	EndGlobalSection
EndGlobal
